
Microsoft Visual Studio Solution File, Format Version 12.00
# Visual Studio Version 17
VisualStudioVersion = 17.5.002.0
MinimumVisualStudioVersion = 10.0.40219.1
Project("{9A19103F-16F7-4668-BE54-9A1E7A4F7556}") = "FlashcardsApp", "FlashcardsApp.csproj", "{BB693A05-D0B7-4436-B180-E048931F778A}"
EndProject
Global
	GlobalSection(SolutionConfigurationPlatforms) = preSolution
		Debug|Any CPU = Debug|Any CPU
		Release|Any CPU = Release|Any CPU
	EndGlobalSection
	GlobalSection(ProjectConfigurationPlatforms) = postSolution
		{BB693A05-D0B7-4436-B180-E048931F778A}.Debug|Any CPU.ActiveCfg = Debug|Any CPU
		{BB693A05-D0B7-4436-B180-E048931F778A}.Debug|Any CPU.Build.0 = Debug|Any CPU
		{BB693A05-D0B7-4436-B180-E048931F778A}.Release|Any CPU.ActiveCfg = Release|Any CPU
		{BB693A05-D0B7-4436-B180-E048931F778A}.Release|Any CPU.Build.0 = Release|Any CPU
	EndGlobalSection
	GlobalSection(SolutionProperties) = preSolution
		HideSolutionNode = FALSE
	EndGlobalSection
	GlobalSection(ExtensibilityGlobals) = postSolution
		SolutionGuid = {869F90F6-7550-404E-9CA0-4E4BA2BDEA14}
	EndGlobalSection
EndGlobal
